
Microsoft Visual Studio Solution File, Format Version 12.00
# Visual Studio Version 17
VisualStudioVersion = 17.7.34003.232
MinimumVisualStudioVersion = 10.0.40219.1
Project("{FAE04EC0-301F-11D3-BF4B-00C04F79EFBC}") = "TA34_02", "TA34_02.csproj", "{ACCDB39B-89BD-4CDD-82FD-EFB83F7CDA40}"
EndProject
Global
	GlobalSection(SolutionConfigurationPlatforms) = preSolution
		Debug|Any CPU = Debug|Any CPU
		Release|Any CPU = Release|Any CPU
	EndGlobalSection
	GlobalSection(ProjectConfigurationPlatforms) = postSolution
		{ACCDB39B-89BD-4CDD-82FD-EFB83F7CDA40}.Debug|Any CPU.ActiveCfg = Debug|Any CPU
		{ACCDB39B-89BD-4CDD-82FD-EFB83F7CDA40}.Debug|Any CPU.Build.0 = Debug|Any CPU
		{ACCDB39B-89BD-4CDD-82FD-EFB83F7CDA40}.Release|Any CPU.ActiveCfg = Release|Any CPU
		{ACCDB39B-89BD-4CDD-82FD-EFB83F7CDA40}.Release|Any CPU.Build.0 = Release|Any CPU
	EndGlobalSection
	GlobalSection(SolutionProperties) = preSolution
		HideSolutionNode = FALSE
	EndGlobalSection
	GlobalSection(ExtensibilityGlobals) = postSolution
		SolutionGuid = {E5080EDD-E3D6-43BC-B5A2-9C8CC05E969B}
	EndGlobalSection
EndGlobal
